
Microsoft Visual Studio Solution File, Format Version 12.00
# Visual Studio Version 17
VisualStudioVersion = 17.9.34701.34
MinimumVisualStudioVersion = 10.0.40219.1
Project("{9A19103F-16F7-4668-BE54-9A1E7A4F7556}") = "HelloWorld", "HelloWorld.csproj", "{32118D90-54F5-4CA0-93F5-E777551F3F01}"
EndProject
Project("{9A19103F-16F7-4668-BE54-9A1E7A4F7556}") = "DataTipes", "..\DataTipes\DataTipes.csproj", "{95C22942-33AD-4866-9301-B9BE0BFAFC9B}"
EndProject
Project("{9A19103F-16F7-4668-BE54-9A1E7A4F7556}") = "Cycles", "..\Cycles\Cycles.csproj", "{F1565DB6-8A0D-4D8D-AFBD-21F54052FF25}"
EndProject
Project("{9A19103F-16F7-4668-BE54-9A1E7A4F7556}") = "ArrayDZ", "..\ArrayDZ\ArrayDZ.csproj", "{31BA311A-82EA-48EE-86B3-7C050008B974}"
EndProject
Project("{9A19103F-16F7-4668-BE54-9A1E7A4F7556}") = "Methods", "..\Methods\Methods.csproj", "{44A9A3EE-4BEB-4540-AB6C-BEE7C658E7ED}"
EndProject
Project("{9A19103F-16F7-4668-BE54-9A1E7A4F7556}") = "Employees", "..\Employees\Employees.csproj", "{4A24DC01-081D-47CA-A4D0-1E71EF72620D}"
EndProject
Project("{9A19103F-16F7-4668-BE54-9A1E7A4F7556}") = "EmployeesNew", "..\EmployeesNew\EmployeesNew.csproj", "{E9325EB4-2C0E-417E-93AF-BE569498B5B8}"
EndProject
Project("{9A19103F-16F7-4668-BE54-9A1E7A4F7556}") = "Lists", "..\Lists\Lists.csproj", "{C4FBB55D-998E-4DA6-8F16-2A37DFFE817A}"
EndProject
Project("{9A19103F-16F7-4668-BE54-9A1E7A4F7556}") = "WpfApp1", "..\WpfApp1\WpfApp1.csproj", "{FC6823CD-1B0C-4299-9056-A38585AA38DD}"
EndProject
Project("{FAE04EC0-301F-11D3-BF4B-00C04F79EFBC}") = "OOP1", "..\OOP1\OOP1.csproj", "{D86E6147-7D11-4C24-ABF1-EE1C41FE742D}"
EndProject
Global
	GlobalSection(SolutionConfigurationPlatforms) = preSolution
		Debug|Any CPU = Debug|Any CPU
		Release|Any CPU = Release|Any CPU
	EndGlobalSection
	GlobalSection(ProjectConfigurationPlatforms) = postSolution
		{32118D90-54F5-4CA0-93F5-E777551F3F01}.Debug|Any CPU.ActiveCfg = Debug|Any CPU
		{32118D90-54F5-4CA0-93F5-E777551F3F01}.Debug|Any CPU.Build.0 = Debug|Any CPU
		{32118D90-54F5-4CA0-93F5-E777551F3F01}.Release|Any CPU.ActiveCfg = Release|Any CPU
		{32118D90-54F5-4CA0-93F5-E777551F3F01}.Release|Any CPU.Build.0 = Release|Any CPU
		{95C22942-33AD-4866-9301-B9BE0BFAFC9B}.Debug|Any CPU.ActiveCfg = Debug|Any CPU
		{95C22942-33AD-4866-9301-B9BE0BFAFC9B}.Debug|Any CPU.Build.0 = Debug|Any CPU
		{95C22942-33AD-4866-9301-B9BE0BFAFC9B}.Release|Any CPU.ActiveCfg = Release|Any CPU
		{95C22942-33AD-4866-9301-B9BE0BFAFC9B}.Release|Any CPU.Build.0 = Release|Any CPU
		{F1565DB6-8A0D-4D8D-AFBD-21F54052FF25}.Debug|Any CPU.ActiveCfg = Debug|Any CPU
		{F1565DB6-8A0D-4D8D-AFBD-21F54052FF25}.Debug|Any CPU.Build.0 = Debug|Any CPU
		{F1565DB6-8A0D-4D8D-AFBD-21F54052FF25}.Release|Any CPU.ActiveCfg = Release|Any CPU
		{F1565DB6-8A0D-4D8D-AFBD-21F54052FF25}.Release|Any CPU.Build.0 = Release|Any CPU
		{31BA311A-82EA-48EE-86B3-7C050008B974}.Debug|Any CPU.ActiveCfg = Debug|Any CPU
		{31BA311A-82EA-48EE-86B3-7C050008B974}.Debug|Any CPU.Build.0 = Debug|Any CPU
		{31BA311A-82EA-48EE-86B3-7C050008B974}.Release|Any CPU.ActiveCfg = Release|Any CPU
		{31BA311A-82EA-48EE-86B3-7C050008B974}.Release|Any CPU.Build.0 = Release|Any CPU
		{44A9A3EE-4BEB-4540-AB6C-BEE7C658E7ED}.Debug|Any CPU.ActiveCfg = Debug|Any CPU
		{44A9A3EE-4BEB-4540-AB6C-BEE7C658E7ED}.Debug|Any CPU.Build.0 = Debug|Any CPU
		{44A9A3EE-4BEB-4540-AB6C-BEE7C658E7ED}.Release|Any CPU.ActiveCfg = Release|Any CPU
		{44A9A3EE-4BEB-4540-AB6C-BEE7C658E7ED}.Release|Any CPU.Build.0 = Release|Any CPU
		{4A24DC01-081D-47CA-A4D0-1E71EF72620D}.Debug|Any CPU.ActiveCfg = Debug|Any CPU
		{4A24DC01-081D-47CA-A4D0-1E71EF72620D}.Debug|Any CPU.Build.0 = Debug|Any CPU
		{4A24DC01-081D-47CA-A4D0-1E71EF72620D}.Release|Any CPU.ActiveCfg = Release|Any CPU
		{4A24DC01-081D-47CA-A4D0-1E71EF72620D}.Release|Any CPU.Build.0 = Release|Any CPU
		{E9325EB4-2C0E-417E-93AF-BE569498B5B8}.Debug|Any CPU.ActiveCfg = Debug|Any CPU
		{E9325EB4-2C0E-417E-93AF-BE569498B5B8}.Debug|Any CPU.Build.0 = Debug|Any CPU
		{E9325EB4-2C0E-417E-93AF-BE569498B5B8}.Release|Any CPU.ActiveCfg = Release|Any CPU
		{E9325EB4-2C0E-417E-93AF-BE569498B5B8}.Release|Any CPU.Build.0 = Release|Any CPU
		{C4FBB55D-998E-4DA6-8F16-2A37DFFE817A}.Debug|Any CPU.ActiveCfg = Debug|Any CPU
		{C4FBB55D-998E-4DA6-8F16-2A37DFFE817A}.Debug|Any CPU.Build.0 = Debug|Any CPU
		{C4FBB55D-998E-4DA6-8F16-2A37DFFE817A}.Release|Any CPU.ActiveCfg = Release|Any CPU
		{C4FBB55D-998E-4DA6-8F16-2A37DFFE817A}.Release|Any CPU.Build.0 = Release|Any CPU
		{FC6823CD-1B0C-4299-9056-A38585AA38DD}.Debug|Any CPU.ActiveCfg = Debug|Any CPU
		{FC6823CD-1B0C-4299-9056-A38585AA38DD}.Debug|Any CPU.Build.0 = Debug|Any CPU
		{FC6823CD-1B0C-4299-9056-A38585AA38DD}.Release|Any CPU.ActiveCfg = Release|Any CPU
		{FC6823CD-1B0C-4299-9056-A38585AA38DD}.Release|Any CPU.Build.0 = Release|Any CPU
		{D86E6147-7D11-4C24-ABF1-EE1C41FE742D}.Debug|Any CPU.ActiveCfg = Debug|Any CPU
		{D86E6147-7D11-4C24-ABF1-EE1C41FE742D}.Debug|Any CPU.Build.0 = Debug|Any CPU
		{D86E6147-7D11-4C24-ABF1-EE1C41FE742D}.Release|Any CPU.ActiveCfg = Release|Any CPU
		{D86E6147-7D11-4C24-ABF1-EE1C41FE742D}.Release|Any CPU.Build.0 = Release|Any CPU
	EndGlobalSection
	GlobalSection(SolutionProperties) = preSolution
		HideSolutionNode = FALSE
	EndGlobalSection
	GlobalSection(ExtensibilityGlobals) = postSolution
		SolutionGuid = {D755541A-274F-4EF1-9116-EC860E0EE1D4}
	EndGlobalSection
EndGlobal
